
Microsoft Visual Studio Solution File, Format Version 12.00
# Visual Studio 2013
VisualStudioVersion = 12.0.30723.0
MinimumVisualStudioVersion = 10.0.40219.1
Project("{8BC9CEB8-8B4A-11D0-8D11-00A0C91BC942}") = "fannfloat", "fannfloat\fannfloat.vcxproj", "{2F0EC4B6-B3F8-4A05-A884-B935E82E1390}"
EndProject
Project("{8BC9CEB8-8B4A-11D0-8D11-00A0C91BC942}") = "fanndouble", "fanndouble\fanndouble.vcxproj", "{7FFD0423-9EE1-4CB9-AAF0-6FC5F82535FF}"
EndProject
Project("{8BC9CEB8-8B4A-11D0-8D11-00A0C91BC942}") = "fannfixed", "fannfixed\fannfixed.vcxproj", "{80EE4A35-E029-4E6E-914D-899D409F40DF}"
EndProject
Project("{8BC9CEB8-8B4A-11D0-8D11-00A0C91BC942}") = "SwigFann", "SwigFann\SwigFann.vcxproj", "{5A0C53ED-1333-4D46-A2B7-4532351F91B2}"
	ProjectSection(ProjectDependencies) = postProject
		{7FFD0423-9EE1-4CB9-AAF0-6FC5F82535FF} = {7FFD0423-9EE1-4CB9-AAF0-6FC5F82535FF}
		{80EE4A35-E029-4E6E-914D-899D409F40DF} = {80EE4A35-E029-4E6E-914D-899D409F40DF}
		{2F0EC4B6-B3F8-4A05-A884-B935E82E1390} = {2F0EC4B6-B3F8-4A05-A884-B935E82E1390}
	EndProjectSection
EndProject
Project("{FAE04EC0-301F-11D3-BF4B-00C04F79EFBC}") = "FannWrapper", "FannWrapper\FannWrapper.csproj", "{7C022D44-E2BC-44C5-AEF6-4711886A3AAF}"
	ProjectSection(ProjectDependencies) = postProject
		{7FFD0423-9EE1-4CB9-AAF0-6FC5F82535FF} = {7FFD0423-9EE1-4CB9-AAF0-6FC5F82535FF}
		{80EE4A35-E029-4E6E-914D-899D409F40DF} = {80EE4A35-E029-4E6E-914D-899D409F40DF}
		{2F0EC4B6-B3F8-4A05-A884-B935E82E1390} = {2F0EC4B6-B3F8-4A05-A884-B935E82E1390}
		{5A0C53ED-1333-4D46-A2B7-4532351F91B2} = {5A0C53ED-1333-4D46-A2B7-4532351F91B2}
	EndProjectSection
EndProject
Project("{FAE04EC0-301F-11D3-BF4B-00C04F79EFBC}") = "CleanUpForSwig", "CleanUpForSwig\CleanUpForSwig.csproj", "{6A1AF9EA-049E-4282-AC5E-9EAB4C1EC0F3}"
EndProject
Project("{FAE04EC0-301F-11D3-BF4B-00C04F79EFBC}") = "CSharpXorTest", "CSharpXorTest\CSharpXorTest.csproj", "{9B616915-3145-4556-9914-593169689605}"
EndProject
Global
	GlobalSection(SolutionConfigurationPlatforms) = preSolution
		Debug|Any CPU = Debug|Any CPU
		Debug|Mixed Platforms = Debug|Mixed Platforms
		Debug|Win32 = Debug|Win32
		Debug|x64 = Debug|x64
		Debug|x86 = Debug|x86
		Release|Any CPU = Release|Any CPU
		Release|Mixed Platforms = Release|Mixed Platforms
		Release|Win32 = Release|Win32
		Release|x64 = Release|x64
		Release|x86 = Release|x86
	EndGlobalSection
	GlobalSection(ProjectConfigurationPlatforms) = postSolution
		{2F0EC4B6-B3F8-4A05-A884-B935E82E1390}.Debug|Any CPU.ActiveCfg = Debug|Win32
		{2F0EC4B6-B3F8-4A05-A884-B935E82E1390}.Debug|Mixed Platforms.ActiveCfg = Release|x64
		{2F0EC4B6-B3F8-4A05-A884-B935E82E1390}.Debug|Mixed Platforms.Build.0 = Release|x64
		{2F0EC4B6-B3F8-4A05-A884-B935E82E1390}.Debug|Win32.ActiveCfg = Debug|Win32
		{2F0EC4B6-B3F8-4A05-A884-B935E82E1390}.Debug|Win32.Build.0 = Debug|Win32
		{2F0EC4B6-B3F8-4A05-A884-B935E82E1390}.Debug|x64.ActiveCfg = Debug|x64
		{2F0EC4B6-B3F8-4A05-A884-B935E82E1390}.Debug|x64.Build.0 = Debug|x64
		{2F0EC4B6-B3F8-4A05-A884-B935E82E1390}.Debug|x86.ActiveCfg = Debug|Win32
		{2F0EC4B6-B3F8-4A05-A884-B935E82E1390}.Debug|x86.Build.0 = Debug|Win32
		{2F0EC4B6-B3F8-4A05-A884-B935E82E1390}.Release|Any CPU.ActiveCfg = Release|Win32
		{2F0EC4B6-B3F8-4A05-A884-B935E82E1390}.Release|Mixed Platforms.ActiveCfg = Release|Win32
		{2F0EC4B6-B3F8-4A05-A884-B935E82E1390}.Release|Mixed Platforms.Build.0 = Release|Win32
		{2F0EC4B6-B3F8-4A05-A884-B935E82E1390}.Release|Win32.ActiveCfg = Release|Win32
		{2F0EC4B6-B3F8-4A05-A884-B935E82E1390}.Release|Win32.Build.0 = Release|Win32
		{2F0EC4B6-B3F8-4A05-A884-B935E82E1390}.Release|x64.ActiveCfg = Release|x64
		{2F0EC4B6-B3F8-4A05-A884-B935E82E1390}.Release|x64.Build.0 = Release|x64
		{2F0EC4B6-B3F8-4A05-A884-B935E82E1390}.Release|x86.ActiveCfg = Release|Win32
		{2F0EC4B6-B3F8-4A05-A884-B935E82E1390}.Release|x86.Build.0 = Release|Win32
		{7FFD0423-9EE1-4CB9-AAF0-6FC5F82535FF}.Debug|Any CPU.ActiveCfg = Debug|Win32
		{7FFD0423-9EE1-4CB9-AAF0-6FC5F82535FF}.Debug|Mixed Platforms.ActiveCfg = Release|x64
		{7FFD0423-9EE1-4CB9-AAF0-6FC5F82535FF}.Debug|Mixed Platforms.Build.0 = Release|x64
		{7FFD0423-9EE1-4CB9-AAF0-6FC5F82535FF}.Debug|Win32.ActiveCfg = Debug|Win32
		{7FFD0423-9EE1-4CB9-AAF0-6FC5F82535FF}.Debug|Win32.Build.0 = Debug|Win32
		{7FFD0423-9EE1-4CB9-AAF0-6FC5F82535FF}.Debug|x64.ActiveCfg = Debug|x64
		{7FFD0423-9EE1-4CB9-AAF0-6FC5F82535FF}.Debug|x64.Build.0 = Debug|x64
		{7FFD0423-9EE1-4CB9-AAF0-6FC5F82535FF}.Debug|x86.ActiveCfg = Debug|Win32
		{7FFD0423-9EE1-4CB9-AAF0-6FC5F82535FF}.Debug|x86.Build.0 = Debug|Win32
		{7FFD0423-9EE1-4CB9-AAF0-6FC5F82535FF}.Release|Any CPU.ActiveCfg = Release|Win32
		{7FFD0423-9EE1-4CB9-AAF0-6FC5F82535FF}.Release|Mixed Platforms.ActiveCfg = Release|Win32
		{7FFD0423-9EE1-4CB9-AAF0-6FC5F82535FF}.Release|Mixed Platforms.Build.0 = Release|Win32
		{7FFD0423-9EE1-4CB9-AAF0-6FC5F82535FF}.Release|Win32.ActiveCfg = Release|Win32
		{7FFD0423-9EE1-4CB9-AAF0-6FC5F82535FF}.Release|Win32.Build.0 = Release|Win32
		{7FFD0423-9EE1-4CB9-AAF0-6FC5F82535FF}.Release|x64.ActiveCfg = Release|x64
		{7FFD0423-9EE1-4CB9-AAF0-6FC5F82535FF}.Release|x64.Build.0 = Release|x64
		{7FFD0423-9EE1-4CB9-AAF0-6FC5F82535FF}.Release|x86.ActiveCfg = Release|Win32
		{7FFD0423-9EE1-4CB9-AAF0-6FC5F82535FF}.Release|x86.Build.0 = Release|Win32
		{80EE4A35-E029-4E6E-914D-899D409F40DF}.Debug|Any CPU.ActiveCfg = Debug|Win32
		{80EE4A35-E029-4E6E-914D-899D409F40DF}.Debug|Mixed Platforms.ActiveCfg = Release|x64
		{80EE4A35-E029-4E6E-914D-899D409F40DF}.Debug|Mixed Platforms.Build.0 = Release|x64
		{80EE4A35-E029-4E6E-914D-899D409F40DF}.Debug|Win32.ActiveCfg = Debug|Win32
		{80EE4A35-E029-4E6E-914D-899D409F40DF}.Debug|Win32.Build.0 = Debug|Win32
		{80EE4A35-E029-4E6E-914D-899D409F40DF}.Debug|x64.ActiveCfg = Debug|x64
		{80EE4A35-E029-4E6E-914D-899D409F40DF}.Debug|x64.Build.0 = Debug|x64
		{80EE4A35-E029-4E6E-914D-899D409F40DF}.Debug|x86.ActiveCfg = Debug|Win32
		{80EE4A35-E029-4E6E-914D-899D409F40DF}.Debug|x86.Build.0 = Debug|Win32
		{80EE4A35-E029-4E6E-914D-899D409F40DF}.Release|Any CPU.ActiveCfg = Release|Win32
		{80EE4A35-E029-4E6E-914D-899D409F40DF}.Release|Mixed Platforms.ActiveCfg = Release|Win32
		{80EE4A35-E029-4E6E-914D-899D409F40DF}.Release|Mixed Platforms.Build.0 = Release|Win32
		{80EE4A35-E029-4E6E-914D-899D409F40DF}.Release|Win32.ActiveCfg = Release|Win32
		{80EE4A35-E029-4E6E-914D-899D409F40DF}.Release|Win32.Build.0 = Release|Win32
		{80EE4A35-E029-4E6E-914D-899D409F40DF}.Release|x64.ActiveCfg = Release|x64
		{80EE4A35-E029-4E6E-914D-899D409F40DF}.Release|x64.Build.0 = Release|x64
		{80EE4A35-E029-4E6E-914D-899D409F40DF}.Release|x86.ActiveCfg = Release|Win32
		{80EE4A35-E029-4E6E-914D-899D409F40DF}.Release|x86.Build.0 = Release|Win32
		{5A0C53ED-1333-4D46-A2B7-4532351F91B2}.Debug|Any CPU.ActiveCfg = Debug|Win32
		{5A0C53ED-1333-4D46-A2B7-4532351F91B2}.Debug|Mixed Platforms.ActiveCfg = Debug|x64
		{5A0C53ED-1333-4D46-A2B7-4532351F91B2}.Debug|Mixed Platforms.Build.0 = Debug|x64
		{5A0C53ED-1333-4D46-A2B7-4532351F91B2}.Debug|Win32.ActiveCfg = Debug|Win32
		{5A0C53ED-1333-4D46-A2B7-4532351F91B2}.Debug|Win32.Build.0 = Debug|Win32
		{5A0C53ED-1333-4D46-A2B7-4532351F91B2}.Debug|x64.ActiveCfg = Debug|x64
		{5A0C53ED-1333-4D46-A2B7-4532351F91B2}.Debug|x64.Build.0 = Debug|x64
		{5A0C53ED-1333-4D46-A2B7-4532351F91B2}.Debug|x86.ActiveCfg = Debug|Win32
		{5A0C53ED-1333-4D46-A2B7-4532351F91B2}.Debug|x86.Build.0 = Debug|Win32
		{5A0C53ED-1333-4D46-A2B7-4532351F91B2}.Release|Any CPU.ActiveCfg = Release|Win32
		{5A0C53ED-1333-4D46-A2B7-4532351F91B2}.Release|Mixed Platforms.ActiveCfg = Release|Win32
		{5A0C53ED-1333-4D46-A2B7-4532351F91B2}.Release|Mixed Platforms.Build.0 = Release|Win32
		{5A0C53ED-1333-4D46-A2B7-4532351F91B2}.Release|Win32.ActiveCfg = Release|Win32
		{5A0C53ED-1333-4D46-A2B7-4532351F91B2}.Release|Win32.Build.0 = Release|Win32
		{5A0C53ED-1333-4D46-A2B7-4532351F91B2}.Release|x64.ActiveCfg = Release|x64
		{5A0C53ED-1333-4D46-A2B7-4532351F91B2}.Release|x64.Build.0 = Release|x64
		{5A0C53ED-1333-4D46-A2B7-4532351F91B2}.Release|x86.ActiveCfg = Release|Win32
		{5A0C53ED-1333-4D46-A2B7-4532351F91B2}.Release|x86.Build.0 = Release|Win32
		{7C022D44-E2BC-44C5-AEF6-4711886A3AAF}.Debug|Any CPU.ActiveCfg = Debug|Any CPU
		{7C022D44-E2BC-44C5-AEF6-4711886A3AAF}.Debug|Any CPU.Build.0 = Debug|Any CPU
		{7C022D44-E2BC-44C5-AEF6-4711886A3AAF}.Debug|Mixed Platforms.ActiveCfg = Debug|x86
		{7C022D44-E2BC-44C5-AEF6-4711886A3AAF}.Debug|Mixed Platforms.Build.0 = Debug|x86
		{7C022D44-E2BC-44C5-AEF6-4711886A3AAF}.Debug|Win32.ActiveCfg = Debug|x86
		{7C022D44-E2BC-44C5-AEF6-4711886A3AAF}.Debug|Win32.Build.0 = Debug|x86
		{7C022D44-E2BC-44C5-AEF6-4711886A3AAF}.Debug|x64.ActiveCfg = Debug|x64
		{7C022D44-E2BC-44C5-AEF6-4711886A3AAF}.Debug|x64.Build.0 = Debug|x64
		{7C022D44-E2BC-44C5-AEF6-4711886A3AAF}.Debug|x86.ActiveCfg = Debug|x86
		{7C022D44-E2BC-44C5-AEF6-4711886A3AAF}.Debug|x86.Build.0 = Debug|x86
		{7C022D44-E2BC-44C5-AEF6-4711886A3AAF}.Release|Any CPU.ActiveCfg = Release|Any CPU
		{7C022D44-E2BC-44C5-AEF6-4711886A3AAF}.Release|Any CPU.Build.0 = Release|Any CPU
		{7C022D44-E2BC-44C5-AEF6-4711886A3AAF}.Release|Mixed Platforms.ActiveCfg = Release|x86
		{7C022D44-E2BC-44C5-AEF6-4711886A3AAF}.Release|Mixed Platforms.Build.0 = Release|x86
		{7C022D44-E2BC-44C5-AEF6-4711886A3AAF}.Release|Win32.ActiveCfg = Release|x86
		{7C022D44-E2BC-44C5-AEF6-4711886A3AAF}.Release|Win32.Build.0 = Release|x86
		{7C022D44-E2BC-44C5-AEF6-4711886A3AAF}.Release|x64.ActiveCfg = Release|x64
		{7C022D44-E2BC-44C5-AEF6-4711886A3AAF}.Release|x64.Build.0 = Release|x64
		{7C022D44-E2BC-44C5-AEF6-4711886A3AAF}.Release|x86.ActiveCfg = Release|x86
		{7C022D44-E2BC-44C5-AEF6-4711886A3AAF}.Release|x86.Build.0 = Release|x86
		{6A1AF9EA-049E-4282-AC5E-9EAB4C1EC0F3}.Debug|Any CPU.ActiveCfg = Debug|Any CPU
		{6A1AF9EA-049E-4282-AC5E-9EAB4C1EC0F3}.Debug|Any CPU.Build.0 = Debug|Any CPU
		{6A1AF9EA-049E-4282-AC5E-9EAB4C1EC0F3}.Debug|Mixed Platforms.ActiveCfg = Debug|Any CPU
		{6A1AF9EA-049E-4282-AC5E-9EAB4C1EC0F3}.Debug|Mixed Platforms.Build.0 = Debug|Any CPU
		{6A1AF9EA-049E-4282-AC5E-9EAB4C1EC0F3}.Debug|Win32.ActiveCfg = Debug|Any CPU
		{6A1AF9EA-049E-4282-AC5E-9EAB4C1EC0F3}.Debug|x64.ActiveCfg = Debug|Any CPU
		{6A1AF9EA-049E-4282-AC5E-9EAB4C1EC0F3}.Debug|x86.ActiveCfg = Debug|Any CPU
		{6A1AF9EA-049E-4282-AC5E-9EAB4C1EC0F3}.Release|Any CPU.ActiveCfg = Release|Any CPU
		{6A1AF9EA-049E-4282-AC5E-9EAB4C1EC0F3}.Release|Any CPU.Build.0 = Release|Any CPU
		{6A1AF9EA-049E-4282-AC5E-9EAB4C1EC0F3}.Release|Mixed Platforms.ActiveCfg = Release|Any CPU
		{6A1AF9EA-049E-4282-AC5E-9EAB4C1EC0F3}.Release|Mixed Platforms.Build.0 = Release|Any CPU
		{6A1AF9EA-049E-4282-AC5E-9EAB4C1EC0F3}.Release|Win32.ActiveCfg = Release|Any CPU
		{6A1AF9EA-049E-4282-AC5E-9EAB4C1EC0F3}.Release|x64.ActiveCfg = Release|Any CPU
		{6A1AF9EA-049E-4282-AC5E-9EAB4C1EC0F3}.Release|x86.ActiveCfg = Release|Any CPU
		{9B616915-3145-4556-9914-593169689605}.Debug|Any CPU.ActiveCfg = Debug|x86
		{9B616915-3145-4556-9914-593169689605}.Debug|Mixed Platforms.ActiveCfg = Debug|x86
		{9B616915-3145-4556-9914-593169689605}.Debug|Mixed Platforms.Build.0 = Debug|x86
		{9B616915-3145-4556-9914-593169689605}.Debug|Win32.ActiveCfg = Debug|x86
		{9B616915-3145-4556-9914-593169689605}.Debug|Win32.Build.0 = Debug|x86
		{9B616915-3145-4556-9914-593169689605}.Debug|x64.ActiveCfg = Debug|x64
		{9B616915-3145-4556-9914-593169689605}.Debug|x86.ActiveCfg = Debug|x86
		{9B616915-3145-4556-9914-593169689605}.Debug|x86.Build.0 = Debug|x86
		{9B616915-3145-4556-9914-593169689605}.Release|Any CPU.ActiveCfg = Release|x86
		{9B616915-3145-4556-9914-593169689605}.Release|Mixed Platforms.ActiveCfg = Release|x86
		{9B616915-3145-4556-9914-593169689605}.Release|Mixed Platforms.Build.0 = Release|x86
		{9B616915-3145-4556-9914-593169689605}.Release|Win32.ActiveCfg = Release|x86
		{9B616915-3145-4556-9914-593169689605}.Release|Win32.Build.0 = Release|x86
		{9B616915-3145-4556-9914-593169689605}.Release|x64.ActiveCfg = Release|x64
		{9B616915-3145-4556-9914-593169689605}.Release|x64.Build.0 = Release|x64
		{9B616915-3145-4556-9914-593169689605}.Release|x86.ActiveCfg = Release|x86
		{9B616915-3145-4556-9914-593169689605}.Release|x86.Build.0 = Release|x86
	EndGlobalSection
	GlobalSection(SolutionProperties) = preSolution
		HideSolutionNode = FALSE
	EndGlobalSection
EndGlobal
