
Microsoft Visual Studio Solution File, Format Version 12.00
# Visual Studio 2013
VisualStudioVersion = 12.0.30723.0
MinimumVisualStudioVersion = 10.0.40219.1
Project("{8BC9CEB8-8B4A-11D0-8D11-00A0C91BC942}") = "fannfloat", "fannfloat\fannfloat.vcxproj", "{2F0EC4B6-B3F8-4A05-A884-B935E82E1390}"
	ProjectSection(ProjectDependencies) = postProject
		{6A1AF9EA-049E-4282-AC5E-9EAB4C1EC0F3} = {6A1AF9EA-049E-4282-AC5E-9EAB4C1EC0F3}
	EndProjectSection
EndProject
Project("{8BC9CEB8-8B4A-11D0-8D11-00A0C91BC942}") = "fanndouble", "fanndouble\fanndouble.vcxproj", "{7FFD0423-9EE1-4CB9-AAF0-6FC5F82535FF}"
	ProjectSection(ProjectDependencies) = postProject
		{2F0EC4B6-B3F8-4A05-A884-B935E82E1390} = {2F0EC4B6-B3F8-4A05-A884-B935E82E1390}
		{6A1AF9EA-049E-4282-AC5E-9EAB4C1EC0F3} = {6A1AF9EA-049E-4282-AC5E-9EAB4C1EC0F3}
	EndProjectSection
EndProject
Project("{8BC9CEB8-8B4A-11D0-8D11-00A0C91BC942}") = "fannfixed", "fannfixed\fannfixed.vcxproj", "{80EE4A35-E029-4E6E-914D-899D409F40DF}"
	ProjectSection(ProjectDependencies) = postProject
		{2F0EC4B6-B3F8-4A05-A884-B935E82E1390} = {2F0EC4B6-B3F8-4A05-A884-B935E82E1390}
		{6A1AF9EA-049E-4282-AC5E-9EAB4C1EC0F3} = {6A1AF9EA-049E-4282-AC5E-9EAB4C1EC0F3}
	EndProjectSection
EndProject
Project("{FAE04EC0-301F-11D3-BF4B-00C04F79EFBC}") = "CleanUpForSwig", "CleanUpForSwig\CleanUpForSwig.csproj", "{6A1AF9EA-049E-4282-AC5E-9EAB4C1EC0F3}"
EndProject
Project("{FAE04EC0-301F-11D3-BF4B-00C04F79EFBC}") = "FANNCSharp", "FANNCSharp\FANNCSharp.csproj", "{1B1EECB8-FEB0-418F-9EC1-316BC4ACB517}"
	ProjectSection(ProjectDependencies) = postProject
		{7FFD0423-9EE1-4CB9-AAF0-6FC5F82535FF} = {7FFD0423-9EE1-4CB9-AAF0-6FC5F82535FF}
		{80EE4A35-E029-4E6E-914D-899D409F40DF} = {80EE4A35-E029-4E6E-914D-899D409F40DF}
		{2F0EC4B6-B3F8-4A05-A884-B935E82E1390} = {2F0EC4B6-B3F8-4A05-A884-B935E82E1390}
	EndProjectSection
EndProject
Project("{FAE04EC0-301F-11D3-BF4B-00C04F79EFBC}") = "SimpleTrain", "SimpleTrain\SimpleTrain.csproj", "{CD2222AB-AB68-494B-B246-21BDBDADB913}"
EndProject
Project("{FAE04EC0-301F-11D3-BF4B-00C04F79EFBC}") = "XorTrain", "XorTrain\XorTrain.csproj", "{26A27DD8-4B61-47A6-8E1A-9688FE3BE9B5}"
EndProject
Project("{FAE04EC0-301F-11D3-BF4B-00C04F79EFBC}") = "SteepnessTrain", "SteepnessTrain\SteepnessTrain.csproj", "{F762A0F3-816B-4DBA-B8C2-0E473C4E3508}"
EndProject
Project("{FAE04EC0-301F-11D3-BF4B-00C04F79EFBC}") = "ScalingTrain", "ScalingTrain\ScalingTrain.csproj", "{8C90D000-7F4F-4B55-B532-23D25761D1A1}"
EndProject
Project("{FAE04EC0-301F-11D3-BF4B-00C04F79EFBC}") = "ScalingTest", "ScalingTest\ScalingTest.csproj", "{E50CC0CA-EA84-49B5-8042-81B9B61C30F2}"
EndProject
Project("{FAE04EC0-301F-11D3-BF4B-00C04F79EFBC}") = "Robot", "Robot\Robot.csproj", "{BFF777DD-B382-4015-872D-EC1930F12A63}"
EndProject
Project("{FAE04EC0-301F-11D3-BF4B-00C04F79EFBC}") = "ParallelTrain", "ParallelTrain\ParallelTrain.csproj", "{CF20A45E-92C6-4D29-B883-FBCA639FD5A0}"
EndProject
Project("{FAE04EC0-301F-11D3-BF4B-00C04F79EFBC}") = "Mushroom", "Mushroom\Mushroom.csproj", "{ED26FBDC-5DB8-4B45-BB0F-085523596C8D}"
EndProject
Project("{FAE04EC0-301F-11D3-BF4B-00C04F79EFBC}") = "Momentums", "Momentums\Momentums.csproj", "{7B286B30-60E2-4D8F-9CCC-A4563625C22D}"
EndProject
Project("{FAE04EC0-301F-11D3-BF4B-00C04F79EFBC}") = "CascadeTrain", "CascadeTrain\CascadeTrain.csproj", "{77B12FAD-884C-4B0B-BF46-56BEB8D4DCAF}"
EndProject
Project("{FAE04EC0-301F-11D3-BF4B-00C04F79EFBC}") = "XorTest", "XorTest\XorTest.csproj", "{9B616915-3145-4556-9914-593169689605}"
EndProject
Project("{FAE04EC0-301F-11D3-BF4B-00C04F79EFBC}") = "XorSample", "XorSample\XorSample.csproj", "{5A4A883D-A785-4A1B-952A-490C1968A79A}"
EndProject
Project("{FAE04EC0-301F-11D3-BF4B-00C04F79EFBC}") = "MomentumsCallback", "MomentumsCallback\MomentumsCallback.csproj", "{69D51BCF-D181-48C7-BE53-129328644DAE}"
EndProject
Project("{FAE04EC0-301F-11D3-BF4B-00C04F79EFBC}") = "FANNCSharp.Float", "FANNCSharp.Float\FANNCSharp.Float.csproj", "{3183ADC6-8759-4A5F-B103-C1A0B5C81802}"
	ProjectSection(ProjectDependencies) = postProject
		{1B1EECB8-FEB0-418F-9EC1-316BC4ACB517} = {1B1EECB8-FEB0-418F-9EC1-316BC4ACB517}
	EndProjectSection
EndProject
Project("{FAE04EC0-301F-11D3-BF4B-00C04F79EFBC}") = "FANNCSharp.Fixed", "FANNCSharp.Fixed\FANNCSharp.Fixed.csproj", "{18D1FB22-131D-4BA5-AE29-42265C01B2CB}"
	ProjectSection(ProjectDependencies) = postProject
		{1B1EECB8-FEB0-418F-9EC1-316BC4ACB517} = {1B1EECB8-FEB0-418F-9EC1-316BC4ACB517}
	EndProjectSection
EndProject
Project("{FAE04EC0-301F-11D3-BF4B-00C04F79EFBC}") = "FANNCSharp.Double", "FANNCSharp.Double\FANNCSharp.Double.csproj", "{563760B1-DFA8-4151-9194-169EE43F196F}"
	ProjectSection(ProjectDependencies) = postProject
		{1B1EECB8-FEB0-418F-9EC1-316BC4ACB517} = {1B1EECB8-FEB0-418F-9EC1-316BC4ACB517}
	EndProjectSection
EndProject
Project("{FAE04EC0-301F-11D3-BF4B-00C04F79EFBC}") = "MushroomSpeedTest", "MushroomSpeedTest\MushroomSpeedTest.csproj", "{AB903967-8B08-438C-9373-1D6698BFCFB9}"
EndProject
Global
	GlobalSection(SolutionConfigurationPlatforms) = preSolution
		Debug|x64 = Debug|x64
		Debug|x86 = Debug|x86
		Release|x64 = Release|x64
		Release|x86 = Release|x86
	EndGlobalSection
	GlobalSection(ProjectConfigurationPlatforms) = postSolution
		{2F0EC4B6-B3F8-4A05-A884-B935E82E1390}.Debug|x64.ActiveCfg = Debug|x64
		{2F0EC4B6-B3F8-4A05-A884-B935E82E1390}.Debug|x64.Build.0 = Debug|x64
		{2F0EC4B6-B3F8-4A05-A884-B935E82E1390}.Debug|x86.ActiveCfg = Debug|Win32
		{2F0EC4B6-B3F8-4A05-A884-B935E82E1390}.Debug|x86.Build.0 = Debug|Win32
		{2F0EC4B6-B3F8-4A05-A884-B935E82E1390}.Release|x64.ActiveCfg = Release|x64
		{2F0EC4B6-B3F8-4A05-A884-B935E82E1390}.Release|x64.Build.0 = Release|x64
		{2F0EC4B6-B3F8-4A05-A884-B935E82E1390}.Release|x86.ActiveCfg = Release|Win32
		{2F0EC4B6-B3F8-4A05-A884-B935E82E1390}.Release|x86.Build.0 = Release|Win32
		{7FFD0423-9EE1-4CB9-AAF0-6FC5F82535FF}.Debug|x64.ActiveCfg = Debug|x64
		{7FFD0423-9EE1-4CB9-AAF0-6FC5F82535FF}.Debug|x64.Build.0 = Debug|x64
		{7FFD0423-9EE1-4CB9-AAF0-6FC5F82535FF}.Debug|x86.ActiveCfg = Debug|Win32
		{7FFD0423-9EE1-4CB9-AAF0-6FC5F82535FF}.Debug|x86.Build.0 = Debug|Win32
		{7FFD0423-9EE1-4CB9-AAF0-6FC5F82535FF}.Release|x64.ActiveCfg = Release|x64
		{7FFD0423-9EE1-4CB9-AAF0-6FC5F82535FF}.Release|x64.Build.0 = Release|x64
		{7FFD0423-9EE1-4CB9-AAF0-6FC5F82535FF}.Release|x86.ActiveCfg = Release|Win32
		{7FFD0423-9EE1-4CB9-AAF0-6FC5F82535FF}.Release|x86.Build.0 = Release|Win32
		{80EE4A35-E029-4E6E-914D-899D409F40DF}.Debug|x64.ActiveCfg = Debug|x64
		{80EE4A35-E029-4E6E-914D-899D409F40DF}.Debug|x64.Build.0 = Debug|x64
		{80EE4A35-E029-4E6E-914D-899D409F40DF}.Debug|x86.ActiveCfg = Debug|Win32
		{80EE4A35-E029-4E6E-914D-899D409F40DF}.Debug|x86.Build.0 = Debug|Win32
		{80EE4A35-E029-4E6E-914D-899D409F40DF}.Release|x64.ActiveCfg = Release|x64
		{80EE4A35-E029-4E6E-914D-899D409F40DF}.Release|x64.Build.0 = Release|x64
		{80EE4A35-E029-4E6E-914D-899D409F40DF}.Release|x86.ActiveCfg = Release|Win32
		{80EE4A35-E029-4E6E-914D-899D409F40DF}.Release|x86.Build.0 = Release|Win32
		{6A1AF9EA-049E-4282-AC5E-9EAB4C1EC0F3}.Debug|x64.ActiveCfg = Debug|Any CPU
		{6A1AF9EA-049E-4282-AC5E-9EAB4C1EC0F3}.Debug|x64.Build.0 = Debug|Any CPU
		{6A1AF9EA-049E-4282-AC5E-9EAB4C1EC0F3}.Debug|x86.ActiveCfg = Debug|Any CPU
		{6A1AF9EA-049E-4282-AC5E-9EAB4C1EC0F3}.Debug|x86.Build.0 = Debug|Any CPU
		{6A1AF9EA-049E-4282-AC5E-9EAB4C1EC0F3}.Release|x64.ActiveCfg = Release|Any CPU
		{6A1AF9EA-049E-4282-AC5E-9EAB4C1EC0F3}.Release|x64.Build.0 = Release|Any CPU
		{6A1AF9EA-049E-4282-AC5E-9EAB4C1EC0F3}.Release|x86.ActiveCfg = Release|Any CPU
		{6A1AF9EA-049E-4282-AC5E-9EAB4C1EC0F3}.Release|x86.Build.0 = Release|Any CPU
		{1B1EECB8-FEB0-418F-9EC1-316BC4ACB517}.Debug|x64.ActiveCfg = Debug|x64
		{1B1EECB8-FEB0-418F-9EC1-316BC4ACB517}.Debug|x64.Build.0 = Debug|x64
		{1B1EECB8-FEB0-418F-9EC1-316BC4ACB517}.Debug|x86.ActiveCfg = Debug|x86
		{1B1EECB8-FEB0-418F-9EC1-316BC4ACB517}.Debug|x86.Build.0 = Debug|x86
		{1B1EECB8-FEB0-418F-9EC1-316BC4ACB517}.Release|x64.ActiveCfg = Release|x64
		{1B1EECB8-FEB0-418F-9EC1-316BC4ACB517}.Release|x64.Build.0 = Release|x64
		{1B1EECB8-FEB0-418F-9EC1-316BC4ACB517}.Release|x86.ActiveCfg = Release|x86
		{1B1EECB8-FEB0-418F-9EC1-316BC4ACB517}.Release|x86.Build.0 = Release|x86
		{CD2222AB-AB68-494B-B246-21BDBDADB913}.Debug|x64.ActiveCfg = Debug|x64
		{CD2222AB-AB68-494B-B246-21BDBDADB913}.Debug|x64.Build.0 = Debug|x64
		{CD2222AB-AB68-494B-B246-21BDBDADB913}.Debug|x86.ActiveCfg = Debug|x86
		{CD2222AB-AB68-494B-B246-21BDBDADB913}.Debug|x86.Build.0 = Debug|x86
		{CD2222AB-AB68-494B-B246-21BDBDADB913}.Release|x64.ActiveCfg = Release|x64
		{CD2222AB-AB68-494B-B246-21BDBDADB913}.Release|x64.Build.0 = Release|x64
		{CD2222AB-AB68-494B-B246-21BDBDADB913}.Release|x86.ActiveCfg = Release|x86
		{CD2222AB-AB68-494B-B246-21BDBDADB913}.Release|x86.Build.0 = Release|x86
		{26A27DD8-4B61-47A6-8E1A-9688FE3BE9B5}.Debug|x64.ActiveCfg = Debug|x64
		{26A27DD8-4B61-47A6-8E1A-9688FE3BE9B5}.Debug|x64.Build.0 = Debug|x64
		{26A27DD8-4B61-47A6-8E1A-9688FE3BE9B5}.Debug|x86.ActiveCfg = Debug|x86
		{26A27DD8-4B61-47A6-8E1A-9688FE3BE9B5}.Debug|x86.Build.0 = Debug|x86
		{26A27DD8-4B61-47A6-8E1A-9688FE3BE9B5}.Release|x64.ActiveCfg = Release|x64
		{26A27DD8-4B61-47A6-8E1A-9688FE3BE9B5}.Release|x64.Build.0 = Release|x64
		{26A27DD8-4B61-47A6-8E1A-9688FE3BE9B5}.Release|x86.ActiveCfg = Release|x86
		{26A27DD8-4B61-47A6-8E1A-9688FE3BE9B5}.Release|x86.Build.0 = Release|x86
		{F762A0F3-816B-4DBA-B8C2-0E473C4E3508}.Debug|x64.ActiveCfg = Debug|x64
		{F762A0F3-816B-4DBA-B8C2-0E473C4E3508}.Debug|x64.Build.0 = Debug|x64
		{F762A0F3-816B-4DBA-B8C2-0E473C4E3508}.Debug|x86.ActiveCfg = Debug|x86
		{F762A0F3-816B-4DBA-B8C2-0E473C4E3508}.Debug|x86.Build.0 = Debug|x86
		{F762A0F3-816B-4DBA-B8C2-0E473C4E3508}.Release|x64.ActiveCfg = Release|x64
		{F762A0F3-816B-4DBA-B8C2-0E473C4E3508}.Release|x64.Build.0 = Release|x64
		{F762A0F3-816B-4DBA-B8C2-0E473C4E3508}.Release|x86.ActiveCfg = Release|x86
		{F762A0F3-816B-4DBA-B8C2-0E473C4E3508}.Release|x86.Build.0 = Release|x86
		{8C90D000-7F4F-4B55-B532-23D25761D1A1}.Debug|x64.ActiveCfg = Debug|x64
		{8C90D000-7F4F-4B55-B532-23D25761D1A1}.Debug|x64.Build.0 = Debug|x64
		{8C90D000-7F4F-4B55-B532-23D25761D1A1}.Debug|x86.ActiveCfg = Debug|x86
		{8C90D000-7F4F-4B55-B532-23D25761D1A1}.Debug|x86.Build.0 = Debug|x86
		{8C90D000-7F4F-4B55-B532-23D25761D1A1}.Release|x64.ActiveCfg = Release|x64
		{8C90D000-7F4F-4B55-B532-23D25761D1A1}.Release|x64.Build.0 = Release|x64
		{8C90D000-7F4F-4B55-B532-23D25761D1A1}.Release|x86.ActiveCfg = Release|x86
		{8C90D000-7F4F-4B55-B532-23D25761D1A1}.Release|x86.Build.0 = Release|x86
		{E50CC0CA-EA84-49B5-8042-81B9B61C30F2}.Debug|x64.ActiveCfg = Debug|x64
		{E50CC0CA-EA84-49B5-8042-81B9B61C30F2}.Debug|x64.Build.0 = Debug|x64
		{E50CC0CA-EA84-49B5-8042-81B9B61C30F2}.Debug|x86.ActiveCfg = Debug|x86
		{E50CC0CA-EA84-49B5-8042-81B9B61C30F2}.Debug|x86.Build.0 = Debug|x86
		{E50CC0CA-EA84-49B5-8042-81B9B61C30F2}.Release|x64.ActiveCfg = Release|x64
		{E50CC0CA-EA84-49B5-8042-81B9B61C30F2}.Release|x64.Build.0 = Release|x64
		{E50CC0CA-EA84-49B5-8042-81B9B61C30F2}.Release|x86.ActiveCfg = Release|x86
		{E50CC0CA-EA84-49B5-8042-81B9B61C30F2}.Release|x86.Build.0 = Release|x86
		{BFF777DD-B382-4015-872D-EC1930F12A63}.Debug|x64.ActiveCfg = Debug|x64
		{BFF777DD-B382-4015-872D-EC1930F12A63}.Debug|x64.Build.0 = Debug|x64
		{BFF777DD-B382-4015-872D-EC1930F12A63}.Debug|x86.ActiveCfg = Debug|x86
		{BFF777DD-B382-4015-872D-EC1930F12A63}.Debug|x86.Build.0 = Debug|x86
		{BFF777DD-B382-4015-872D-EC1930F12A63}.Release|x64.ActiveCfg = Release|x64
		{BFF777DD-B382-4015-872D-EC1930F12A63}.Release|x64.Build.0 = Release|x64
		{BFF777DD-B382-4015-872D-EC1930F12A63}.Release|x86.ActiveCfg = Release|x86
		{BFF777DD-B382-4015-872D-EC1930F12A63}.Release|x86.Build.0 = Release|x86
		{CF20A45E-92C6-4D29-B883-FBCA639FD5A0}.Debug|x64.ActiveCfg = Debug|x64
		{CF20A45E-92C6-4D29-B883-FBCA639FD5A0}.Debug|x64.Build.0 = Debug|x64
		{CF20A45E-92C6-4D29-B883-FBCA639FD5A0}.Debug|x86.ActiveCfg = Debug|x86
		{CF20A45E-92C6-4D29-B883-FBCA639FD5A0}.Debug|x86.Build.0 = Debug|x86
		{CF20A45E-92C6-4D29-B883-FBCA639FD5A0}.Release|x64.ActiveCfg = Release|x64
		{CF20A45E-92C6-4D29-B883-FBCA639FD5A0}.Release|x64.Build.0 = Release|x64
		{CF20A45E-92C6-4D29-B883-FBCA639FD5A0}.Release|x86.ActiveCfg = Release|x86
		{CF20A45E-92C6-4D29-B883-FBCA639FD5A0}.Release|x86.Build.0 = Release|x86
		{ED26FBDC-5DB8-4B45-BB0F-085523596C8D}.Debug|x64.ActiveCfg = Debug|x64
		{ED26FBDC-5DB8-4B45-BB0F-085523596C8D}.Debug|x64.Build.0 = Debug|x64
		{ED26FBDC-5DB8-4B45-BB0F-085523596C8D}.Debug|x86.ActiveCfg = Debug|x86
		{ED26FBDC-5DB8-4B45-BB0F-085523596C8D}.Debug|x86.Build.0 = Debug|x86
		{ED26FBDC-5DB8-4B45-BB0F-085523596C8D}.Release|x64.ActiveCfg = Release|x64
		{ED26FBDC-5DB8-4B45-BB0F-085523596C8D}.Release|x64.Build.0 = Release|x64
		{ED26FBDC-5DB8-4B45-BB0F-085523596C8D}.Release|x86.ActiveCfg = Release|x86
		{ED26FBDC-5DB8-4B45-BB0F-085523596C8D}.Release|x86.Build.0 = Release|x86
		{7B286B30-60E2-4D8F-9CCC-A4563625C22D}.Debug|x64.ActiveCfg = Debug|x64
		{7B286B30-60E2-4D8F-9CCC-A4563625C22D}.Debug|x64.Build.0 = Debug|x64
		{7B286B30-60E2-4D8F-9CCC-A4563625C22D}.Debug|x86.ActiveCfg = Debug|x86
		{7B286B30-60E2-4D8F-9CCC-A4563625C22D}.Debug|x86.Build.0 = Debug|x86
		{7B286B30-60E2-4D8F-9CCC-A4563625C22D}.Release|x64.ActiveCfg = Release|x64
		{7B286B30-60E2-4D8F-9CCC-A4563625C22D}.Release|x64.Build.0 = Release|x64
		{7B286B30-60E2-4D8F-9CCC-A4563625C22D}.Release|x86.ActiveCfg = Release|x86
		{7B286B30-60E2-4D8F-9CCC-A4563625C22D}.Release|x86.Build.0 = Release|x86
		{77B12FAD-884C-4B0B-BF46-56BEB8D4DCAF}.Debug|x64.ActiveCfg = Debug|x64
		{77B12FAD-884C-4B0B-BF46-56BEB8D4DCAF}.Debug|x64.Build.0 = Debug|x64
		{77B12FAD-884C-4B0B-BF46-56BEB8D4DCAF}.Debug|x86.ActiveCfg = Debug|x86
		{77B12FAD-884C-4B0B-BF46-56BEB8D4DCAF}.Debug|x86.Build.0 = Debug|x86
		{77B12FAD-884C-4B0B-BF46-56BEB8D4DCAF}.Release|x64.ActiveCfg = Release|x64
		{77B12FAD-884C-4B0B-BF46-56BEB8D4DCAF}.Release|x64.Build.0 = Release|x64
		{77B12FAD-884C-4B0B-BF46-56BEB8D4DCAF}.Release|x86.ActiveCfg = Release|x86
		{77B12FAD-884C-4B0B-BF46-56BEB8D4DCAF}.Release|x86.Build.0 = Release|x86
		{9B616915-3145-4556-9914-593169689605}.Debug|x64.ActiveCfg = Debug|x64
		{9B616915-3145-4556-9914-593169689605}.Debug|x64.Build.0 = Debug|x64
		{9B616915-3145-4556-9914-593169689605}.Debug|x86.ActiveCfg = Debug|x86
		{9B616915-3145-4556-9914-593169689605}.Debug|x86.Build.0 = Debug|x86
		{9B616915-3145-4556-9914-593169689605}.Release|x64.ActiveCfg = Release|x64
		{9B616915-3145-4556-9914-593169689605}.Release|x64.Build.0 = Release|x64
		{9B616915-3145-4556-9914-593169689605}.Release|x86.ActiveCfg = Release|x86
		{9B616915-3145-4556-9914-593169689605}.Release|x86.Build.0 = Release|x86
		{5A4A883D-A785-4A1B-952A-490C1968A79A}.Debug|x64.ActiveCfg = Debug|x64
		{5A4A883D-A785-4A1B-952A-490C1968A79A}.Debug|x64.Build.0 = Debug|x64
		{5A4A883D-A785-4A1B-952A-490C1968A79A}.Debug|x86.ActiveCfg = Debug|x86
		{5A4A883D-A785-4A1B-952A-490C1968A79A}.Debug|x86.Build.0 = Debug|x86
		{5A4A883D-A785-4A1B-952A-490C1968A79A}.Release|x64.ActiveCfg = Release|x64
		{5A4A883D-A785-4A1B-952A-490C1968A79A}.Release|x64.Build.0 = Release|x64
		{5A4A883D-A785-4A1B-952A-490C1968A79A}.Release|x86.ActiveCfg = Release|x86
		{5A4A883D-A785-4A1B-952A-490C1968A79A}.Release|x86.Build.0 = Release|x86
		{69D51BCF-D181-48C7-BE53-129328644DAE}.Debug|x64.ActiveCfg = Debug|x64
		{69D51BCF-D181-48C7-BE53-129328644DAE}.Debug|x64.Build.0 = Debug|x64
		{69D51BCF-D181-48C7-BE53-129328644DAE}.Debug|x86.ActiveCfg = Debug|x86
		{69D51BCF-D181-48C7-BE53-129328644DAE}.Debug|x86.Build.0 = Debug|x86
		{69D51BCF-D181-48C7-BE53-129328644DAE}.Release|x64.ActiveCfg = Release|x64
		{69D51BCF-D181-48C7-BE53-129328644DAE}.Release|x64.Build.0 = Release|x64
		{69D51BCF-D181-48C7-BE53-129328644DAE}.Release|x86.ActiveCfg = Release|x86
		{69D51BCF-D181-48C7-BE53-129328644DAE}.Release|x86.Build.0 = Release|x86
		{3183ADC6-8759-4A5F-B103-C1A0B5C81802}.Debug|x64.ActiveCfg = Debug|x64
		{3183ADC6-8759-4A5F-B103-C1A0B5C81802}.Debug|x64.Build.0 = Debug|x64
		{3183ADC6-8759-4A5F-B103-C1A0B5C81802}.Debug|x86.ActiveCfg = Debug|x86
		{3183ADC6-8759-4A5F-B103-C1A0B5C81802}.Debug|x86.Build.0 = Debug|x86
		{3183ADC6-8759-4A5F-B103-C1A0B5C81802}.Release|x64.ActiveCfg = Release|x64
		{3183ADC6-8759-4A5F-B103-C1A0B5C81802}.Release|x64.Build.0 = Release|x64
		{3183ADC6-8759-4A5F-B103-C1A0B5C81802}.Release|x86.ActiveCfg = Release|x86
		{3183ADC6-8759-4A5F-B103-C1A0B5C81802}.Release|x86.Build.0 = Release|x86
		{18D1FB22-131D-4BA5-AE29-42265C01B2CB}.Debug|x64.ActiveCfg = Debug|x64
		{18D1FB22-131D-4BA5-AE29-42265C01B2CB}.Debug|x64.Build.0 = Debug|x64
		{18D1FB22-131D-4BA5-AE29-42265C01B2CB}.Debug|x86.ActiveCfg = Debug|x86
		{18D1FB22-131D-4BA5-AE29-42265C01B2CB}.Debug|x86.Build.0 = Debug|x86
		{18D1FB22-131D-4BA5-AE29-42265C01B2CB}.Release|x64.ActiveCfg = Release|x64
		{18D1FB22-131D-4BA5-AE29-42265C01B2CB}.Release|x64.Build.0 = Release|x64
		{18D1FB22-131D-4BA5-AE29-42265C01B2CB}.Release|x86.ActiveCfg = Release|x86
		{18D1FB22-131D-4BA5-AE29-42265C01B2CB}.Release|x86.Build.0 = Release|x86
		{563760B1-DFA8-4151-9194-169EE43F196F}.Debug|x64.ActiveCfg = Debug|x64
		{563760B1-DFA8-4151-9194-169EE43F196F}.Debug|x64.Build.0 = Debug|x64
		{563760B1-DFA8-4151-9194-169EE43F196F}.Debug|x86.ActiveCfg = Debug|x86
		{563760B1-DFA8-4151-9194-169EE43F196F}.Debug|x86.Build.0 = Debug|x86
		{563760B1-DFA8-4151-9194-169EE43F196F}.Release|x64.ActiveCfg = Release|x64
		{563760B1-DFA8-4151-9194-169EE43F196F}.Release|x64.Build.0 = Release|x64
		{563760B1-DFA8-4151-9194-169EE43F196F}.Release|x86.ActiveCfg = Release|x86
		{563760B1-DFA8-4151-9194-169EE43F196F}.Release|x86.Build.0 = Release|x86
		{AB903967-8B08-438C-9373-1D6698BFCFB9}.Debug|x64.ActiveCfg = Debug|x64
		{AB903967-8B08-438C-9373-1D6698BFCFB9}.Debug|x64.Build.0 = Debug|x64
		{AB903967-8B08-438C-9373-1D6698BFCFB9}.Debug|x86.ActiveCfg = Debug|x86
		{AB903967-8B08-438C-9373-1D6698BFCFB9}.Debug|x86.Build.0 = Debug|x86
		{AB903967-8B08-438C-9373-1D6698BFCFB9}.Release|x64.ActiveCfg = Release|x64
		{AB903967-8B08-438C-9373-1D6698BFCFB9}.Release|x64.Build.0 = Release|x64
		{AB903967-8B08-438C-9373-1D6698BFCFB9}.Release|x86.ActiveCfg = Release|x86
		{AB903967-8B08-438C-9373-1D6698BFCFB9}.Release|x86.Build.0 = Release|x86
	EndGlobalSection
	GlobalSection(SolutionProperties) = preSolution
		HideSolutionNode = FALSE
	EndGlobalSection
EndGlobal
